
Microsoft Visual Studio Solution File, Format Version 12.00
# Visual Studio Version 16
VisualStudioVersion = 16.0.32002.261
MinimumVisualStudioVersion = 10.0.40219.1
Project("{FAE04EC0-301F-11D3-BF4B-00C04F79EFBC}") = "CVSite", "CVSite\CVSite.csproj", "{9612094F-EEF0-427B-813F-209869F4F0DA}"
EndProject
Project("{FAE04EC0-301F-11D3-BF4B-00C04F79EFBC}") = "Data", "Data\Data.csproj", "{8220CDE6-ED71-43A9-806F-086238BA8552}"
EndProject
Global
	GlobalSection(SolutionConfigurationPlatforms) = preSolution
		Debug|Any CPU = Debug|Any CPU
		Release|Any CPU = Release|Any CPU
	EndGlobalSection
	GlobalSection(ProjectConfigurationPlatforms) = postSolution
		{9612094F-EEF0-427B-813F-209869F4F0DA}.Debug|Any CPU.ActiveCfg = Debug|Any CPU
		{9612094F-EEF0-427B-813F-209869F4F0DA}.Debug|Any CPU.Build.0 = Debug|Any CPU
		{9612094F-EEF0-427B-813F-209869F4F0DA}.Release|Any CPU.ActiveCfg = Release|Any CPU
		{9612094F-EEF0-427B-813F-209869F4F0DA}.Release|Any CPU.Build.0 = Release|Any CPU
		{8220CDE6-ED71-43A9-806F-086238BA8552}.Debug|Any CPU.ActiveCfg = Debug|Any CPU
		{8220CDE6-ED71-43A9-806F-086238BA8552}.Debug|Any CPU.Build.0 = Debug|Any CPU
		{8220CDE6-ED71-43A9-806F-086238BA8552}.Release|Any CPU.ActiveCfg = Release|Any CPU
		{8220CDE6-ED71-43A9-806F-086238BA8552}.Release|Any CPU.Build.0 = Release|Any CPU
	EndGlobalSection
	GlobalSection(SolutionProperties) = preSolution
		HideSolutionNode = FALSE
	EndGlobalSection
	GlobalSection(ExtensibilityGlobals) = postSolution
		SolutionGuid = {A671CCCC-9FBF-4A23-8DA0-6C1D9CD50B70}
	EndGlobalSection
EndGlobal
